# This file is generated by running "yarn install" inside your project.
# Manual changes might be lost - proceed with caution!

__metadata:
  version: 7
  cacheKey: 9

"ansi-escapes@npm:^7.0.0":
  version: 7.0.0
  resolution: "ansi-escapes@npm:7.0.0"
  dependencies:
    environment: "npm:^1.0.0"
  checksum: 4a78b4c0cb9be59994c08d1a6131757e67324367b6c5be49b3ce929c017da240a032c81e043de0db9e9a60933b49d2ed714fac29a6b4aa5d58b793729c4ca640
  languageName: node
  linkType: hard

"ansi-regex@npm:^6.0.1":
  version: 6.1.0
  resolution: "ansi-regex@npm:6.1.0"
  checksum: 8a6ce568799e704b0f029c1c073524b89ebfd236dab27b911556a116b991324499e6eb259f251e85fe2f0dec201461510b05bcde755fe15578569ecf4bb029d5
  languageName: node
  linkType: hard

"ansi-styles@npm:^6.0.0, ansi-styles@npm:^6.2.1":
  version: 6.2.1
  resolution: "ansi-styles@npm:6.2.1"
  checksum: 86fe3fc999c89775171631b32920d1fbf8adc4225895db376057b5a5e6fdcf837ae994ca08756f0a676c0dd8c74e58a7e87515d1fa16d6fcfffdf9069d579e90
  languageName: node
  linkType: hard

"avatar-mgmt@workspace:.":
  version: 0.0.0-use.local
  resolution: "avatar-mgmt@workspace:."
  dependencies:
    husky: "npm:^9.1.7"
    lint-staged: "npm:^16.1.0"
  languageName: unknown
  linkType: soft

"braces@npm:^3.0.3":
  version: 3.0.3
  resolution: "braces@npm:3.0.3"
  dependencies:
    fill-range: "npm:^7.1.1"
  checksum: da64a9229103e87292c7488c7f78a3578ba49c0696079881239932ed2c3b5d8f32ea334e639cacfbf572cdc79b80a5ee887e4e1fe70d4007809b7f6cae4d3495
  languageName: node
  linkType: hard

"chalk@npm:^5.4.1":
  version: 5.4.1
  resolution: "chalk@npm:5.4.1"
  checksum: 93a896d73a458986fb0e122095530269fcc91395b5c72f290ad29c716d7f6763ead6249851606680528be50b335b7e6fb87062a25c2eb7d4f5d398ce9ea30040
  languageName: node
  linkType: hard

"cli-cursor@npm:^5.0.0":
  version: 5.0.0
  resolution: "cli-cursor@npm:5.0.0"
  dependencies:
    restore-cursor: "npm:^5.0.0"
  checksum: 7501be80aa552315b985b0a0fa53f6dc3d04d3e44f8c2b95d5ffcfeae8e70b5d5038cea8e70fdaa66812ea46b89c2cc3db93715393d519c9e2497b0e4e9bf644
  languageName: node
  linkType: hard

"cli-truncate@npm:^4.0.0":
  version: 4.0.0
  resolution: "cli-truncate@npm:4.0.0"
  dependencies:
    slice-ansi: "npm:^5.0.0"
    string-width: "npm:^7.0.0"
  checksum: 649cc99b622858429d1b4b0723ee58f395b2524f32fe2261842795451a8703fe7d1226d49623ebbaf0576d655ae4517122b68218677d95efd0f47b368a93187f
  languageName: node
  linkType: hard

"colorette@npm:^2.0.20":
  version: 2.0.20
  resolution: "colorette@npm:2.0.20"
  checksum: 51a2b1cf140e120074178dd17ffdd4e349b7e84d2cb498f83978124ba0efc19d4d35c1859226f7a75ef0b368b0feafd10370927e871827af428b7500396af274
  languageName: node
  linkType: hard

"commander@npm:^14.0.0":
  version: 14.0.0
  resolution: "commander@npm:14.0.0"
  checksum: d5d2c1e0160291eb0456635d3a07c2557c64b26e936636295ee199cabd5c57f3921103ea9e0970c2cbe50af96e542d6654e0ee8661b69252d0dce82cf19523a6
  languageName: node
  linkType: hard

"debug@npm:^4.4.1":
  version: 4.4.1
  resolution: "debug@npm:4.4.1"
  dependencies:
    ms: "npm:^2.1.3"
  peerDependenciesMeta:
    supports-color:
      optional: true
  checksum: 9bb7354a57b8c5264c8d43864de8bbb22995bf75799f3fa5b2072c8d7ac30340bf186ad35358c8435686b215a4297d918fe5e982a0a6786ff316756febbbc1e5
  languageName: node
  linkType: hard

"emoji-regex@npm:^10.3.0":
  version: 10.4.0
  resolution: "emoji-regex@npm:10.4.0"
  checksum: 5a1427050610d8e976a5fd9b3752f60390ada16b31dd2eea3ed810ccf887cc563d2ef2b07b756871d27679f729d54c1e50dab9671fbe595968c146f5f73eaeb8
  languageName: node
  linkType: hard

"environment@npm:^1.0.0":
  version: 1.1.0
  resolution: "environment@npm:1.1.0"
  checksum: 6074efcf87ce523eefbd79ed34f1c6bafd52480c1396acb2badd54392bffa8e477cb0fcd5af88d7f59c7b512382ee2939d1e8d4594a5a5798b65c0b7a7dde0be
  languageName: node
  linkType: hard

"eventemitter3@npm:^5.0.1":
  version: 5.0.1
  resolution: "eventemitter3@npm:5.0.1"
  checksum: 3c7f3864e4bd8b23574595c43fda88ac8b5798a6bd6f57788c2cf7fa5a09e11c7c6161da6d263f2c40bcbca58bc69914ee2bbf684eccf73d671b12f002f44ce6
  languageName: node
  linkType: hard

"fill-range@npm:^7.1.1":
  version: 7.1.1
  resolution: "fill-range@npm:7.1.1"
  dependencies:
    to-regex-range: "npm:^5.0.1"
  checksum: f8c014cc6f391259a89d57a90b8b8cbf8b263d3c5abfc44bee70ac539dc54e12bd6ef6f06ab80919d8248f59556831cd2a0dc776dc68e90f3ecc4e665eb47bf3
  languageName: node
  linkType: hard

"get-east-asian-width@npm:^1.0.0":
  version: 1.3.0
  resolution: "get-east-asian-width@npm:1.3.0"
  checksum: 59ebce3e37812f214c70cd1226cce0e936b921539bf8f338810375229e1ed7dd79039af6fa88d5fff20025de540b435ada6df2f782645d50f5e17e8c862af902
  languageName: node
  linkType: hard

"husky@npm:^9.1.7":
  version: 9.1.7
  resolution: "husky@npm:9.1.7"
  bin:
    husky: bin.js
  checksum: 60e616e3c7c9f230602fec73098cf13acec7572e12340a065400c447084f29874461528e9f37edde4658bd9e32856af2971181c9e15a65caf7d669d670ce0f9c
  languageName: node
  linkType: hard

"is-fullwidth-code-point@npm:^4.0.0":
  version: 4.0.0
  resolution: "is-fullwidth-code-point@npm:4.0.0"
  checksum: 071ac737fb85429562e1835d423aaf0b369675bcf066681066bf71198bd85ccbc5e2d623a3ede0d8252c5d1b1d89d3b1d9920b42cba151822a0d056c49fad60f
  languageName: node
  linkType: hard

"is-fullwidth-code-point@npm:^5.0.0":
  version: 5.0.0
  resolution: "is-fullwidth-code-point@npm:5.0.0"
  dependencies:
    get-east-asian-width: "npm:^1.0.0"
  checksum: 61df7efc6ab967048f0bc10c62dc56580659e483736d715210ce5aa61d3258daf681ec69d72a6039be4c139cad0e245fbbb868de809a7fbff42d08653b1887e5
  languageName: node
  linkType: hard

"is-number@npm:^7.0.0":
  version: 7.0.0
  resolution: "is-number@npm:7.0.0"
  checksum: 748df55ae14cc960b090a7611932940df9fa703b7e0fb4f73943b4eb94c4b5391f27ba3881fab8f5bf7a2f097490e812db0d58d05c92154e70fdf14f93d6fa95
  languageName: node
  linkType: hard

"lilconfig@npm:^3.1.3":
  version: 3.1.3
  resolution: "lilconfig@npm:3.1.3"
  checksum: 84ffcd58562390078bb910a00ba819c7821833fdfc105475bccbab5e05a63d64a504b7ece2b1ef7591caacede600d73f2abf6401f26e380e5b31ed9e9e97d617
  languageName: node
  linkType: hard

"lint-staged@npm:^16.1.0":
  version: 16.1.0
  resolution: "lint-staged@npm:16.1.0"
  dependencies:
    chalk: "npm:^5.4.1"
    commander: "npm:^14.0.0"
    debug: "npm:^4.4.1"
    lilconfig: "npm:^3.1.3"
    listr2: "npm:^8.3.3"
    micromatch: "npm:^4.0.8"
    nano-spawn: "npm:^1.0.2"
    pidtree: "npm:^0.6.0"
    string-argv: "npm:^0.3.2"
    yaml: "npm:^2.8.0"
  bin:
    lint-staged: bin/lint-staged.js
  checksum: 4e2056666981e7f56594c2ce4a28fba45b4df62ce4e131206d184f00103cfe3b5b671cf3b533921e99153244b5c90a652b8ad65543245854588352ed12ba2c41
  languageName: node
  linkType: hard

"listr2@npm:^8.3.3":
  version: 8.3.3
  resolution: "listr2@npm:8.3.3"
  dependencies:
    cli-truncate: "npm:^4.0.0"
    colorette: "npm:^2.0.20"
    eventemitter3: "npm:^5.0.1"
    log-update: "npm:^6.1.0"
    rfdc: "npm:^1.4.1"
    wrap-ansi: "npm:^9.0.0"
  checksum: 460388f5d60e409a5524726c626c5f9007e45a082d73e14988195aa54e640162cab15cb4e5ac6beadeb0aeb4c81e9c460cb4566e767c1ade741db35581a81bb8
  languageName: node
  linkType: hard

"log-update@npm:^6.1.0":
  version: 6.1.0
  resolution: "log-update@npm:6.1.0"
  dependencies:
    ansi-escapes: "npm:^7.0.0"
    cli-cursor: "npm:^5.0.0"
    slice-ansi: "npm:^7.1.0"
    strip-ansi: "npm:^7.1.0"
    wrap-ansi: "npm:^9.0.0"
  checksum: ade0c015fb5243c00eb74d8fb2c06133fecd564a089de1a4e0c93fb098342315941a1b5e98d5897337edd29c63f8fcb08f1a0167bfad6688fd13a68f6d519d73
  languageName: node
  linkType: hard

"micromatch@npm:^4.0.8":
  version: 4.0.8
  resolution: "micromatch@npm:4.0.8"
  dependencies:
    braces: "npm:^3.0.3"
    picomatch: "npm:^2.3.1"
  checksum: 816ba2fea0b696f436349bc301e51d5e2840125830109b87d8342f780874e857bd0586ced9e61b7c50bc707b257313ad3e7eec18f4e1ef4734b09182782eae38
  languageName: node
  linkType: hard

"mimic-function@npm:^5.0.0":
  version: 5.0.1
  resolution: "mimic-function@npm:5.0.1"
  checksum: b3bd73a871dc98a805ca9ff43a3beaa2025885f1d01188c5f0647a4b2f7b786d4c8a17243dbfa02007c5b5cf7449df54793703837539de6ab2b8f0ebab08ede3
  languageName: node
  linkType: hard

"ms@npm:^2.1.3":
  version: 2.1.3
  resolution: "ms@npm:2.1.3"
  checksum: 78c12f6b473a022ebacc393fc14b76fe40b8feda7218124b86c4684e440e10377a063bec1d3902df1f74714f02b74b36ad7d3a6de9e2fbffa26fc29e5ce018fc
  languageName: node
  linkType: hard

"nano-spawn@npm:^1.0.2":
  version: 1.0.2
  resolution: "nano-spawn@npm:1.0.2"
  checksum: ee8b73894cb6973bc38b3ec386947522a9976e812b0c846328be3a03aeecddedeb1c9e211692a2baf07c4087233baac071f6b13dd038cbe02587b5791319af49
  languageName: node
  linkType: hard

"onetime@npm:^7.0.0":
  version: 7.0.0
  resolution: "onetime@npm:7.0.0"
  dependencies:
    mimic-function: "npm:^5.0.0"
  checksum: 17007a2ffb4130b1c4c8c2c15730f0964be7d506dde5c80f8fc1d0beaa01928b03f41c88de4da78889d445ac8ee1f181ce2e1e5d454d3d7d40333d93cfc1a96d
  languageName: node
  linkType: hard

"picomatch@npm:^2.3.1":
  version: 2.3.1
  resolution: "picomatch@npm:2.3.1"
  checksum: 6ba5938c24af2c5918e94b39aa0ad48d71f2c30634de69d46e0bd32feb666de4e909406db6ffb78f98d39ef450d6a41b6fa3954dc3659d7b2b750766c1261e5e
  languageName: node
  linkType: hard

"pidtree@npm:^0.6.0":
  version: 0.6.0
  resolution: "pidtree@npm:0.6.0"
  bin:
    pidtree: bin/pidtree.js
  checksum: 597e8bf8f7b038a3640749ffb51cd39f54113e2f2db7158de0bac8194d44dd550a6af30a099fc7e9b81463f3c5ca6447c9e9f300a4bd583e205087e656819eaf
  languageName: node
  linkType: hard

"restore-cursor@npm:^5.0.0":
  version: 5.1.0
  resolution: "restore-cursor@npm:5.1.0"
  dependencies:
    onetime: "npm:^7.0.0"
    signal-exit: "npm:^4.1.0"
  checksum: 57098b9e6e8b567f9f86a41ddb06dc63c861d499de4bfeac7c361b1c89522b1980bf77ed91745935bcb2de9ae95a2974f952c602d02170fba57932a6d4fee65d
  languageName: node
  linkType: hard

"rfdc@npm:^1.4.1":
  version: 1.4.1
  resolution: "rfdc@npm:1.4.1"
  checksum: 2d3935f396dc776e9e8c126e89d5f448e0ef847718456d13b88804fa4dc4ca0015738780e716689c0d95a8c3d0e25ee8728dc095e6c70f5ec9ef55c7382b8230
  languageName: node
  linkType: hard

"signal-exit@npm:^4.1.0":
  version: 4.1.0
  resolution: "signal-exit@npm:4.1.0"
  checksum: 9925c47b50001235a771dd98519f2a5a52689d022c6554806d62e46cb53ed1aefcdaa151a10e30261e2ae24c1f53c9b3ee6c9f3e4dd428fbf3be7d46220c82f0
  languageName: node
  linkType: hard

"slice-ansi@npm:^5.0.0":
  version: 5.0.0
  resolution: "slice-ansi@npm:5.0.0"
  dependencies:
    ansi-styles: "npm:^6.0.0"
    is-fullwidth-code-point: "npm:^4.0.0"
  checksum: 6d94805ff2cc473bd610de967b60d915e6df967fad8d47b8ebcd8a02d915400f808e49c1982bcfbdc47fde230c0274f36e016ed2284ec9254e737c728ab3b59d
  languageName: node
  linkType: hard

"slice-ansi@npm:^7.1.0":
  version: 7.1.0
  resolution: "slice-ansi@npm:7.1.0"
  dependencies:
    ansi-styles: "npm:^6.2.1"
    is-fullwidth-code-point: "npm:^5.0.0"
  checksum: ef30efb7bed149ed2a865511d8808c98fa3bee00aa0c5d556d2b71ddfe3b8eca16fc835c802bd52cc59906e814fcaec1f9a052a42ebb179ace166005c692b1e3
  languageName: node
  linkType: hard

"string-argv@npm:^0.3.2":
  version: 0.3.2
  resolution: "string-argv@npm:0.3.2"
  checksum: c18600f4bf449f68a64c3f265857eb1a0776b6fd5cbccc7c8d32b2aaee01a724982989600a10842a456bd57ec0c82dffa26b84f46de823f84c9e5f24fb20dfd6
  languageName: node
  linkType: hard

"string-width@npm:^7.0.0":
  version: 7.2.0
  resolution: "string-width@npm:7.2.0"
  dependencies:
    emoji-regex: "npm:^10.3.0"
    get-east-asian-width: "npm:^1.0.0"
    strip-ansi: "npm:^7.1.0"
  checksum: e9d46f3a2d9872f0aac16be04754c7772a8a3aea160ad38fa1013f98ffec7a5b55b97b7342bf37dd1f41242fa657d95201ed8676f12cedfd8a6ea1964fe14fff
  languageName: node
  linkType: hard

"strip-ansi@npm:^7.1.0":
  version: 7.1.0
  resolution: "strip-ansi@npm:7.1.0"
  dependencies:
    ansi-regex: "npm:^6.0.1"
  checksum: 09f81cbad0ac6e3dbe1c425429135432e91b1a61b7799587cb38aa24fb661aa5a83eaaf579e241ac1a4cac39fee97501c15226099728e56759abc6846b51917a
  languageName: node
  linkType: hard

"to-regex-range@npm:^5.0.1":
  version: 5.0.1
  resolution: "to-regex-range@npm:5.0.1"
  dependencies:
    is-number: "npm:^7.0.0"
  checksum: 16564897c76bbd25bd3c375ee8d4b1fd3ac965fc4ab550ff034a1dddb53816ec06dc27095468394ad4de5978d5e831a9d1ae4cb31080dc4ebd9ba80a47dc1a4f
  languageName: node
  linkType: hard

"wrap-ansi@npm:^9.0.0":
  version: 9.0.0
  resolution: "wrap-ansi@npm:9.0.0"
  dependencies:
    ansi-styles: "npm:^6.2.1"
    string-width: "npm:^7.0.0"
    strip-ansi: "npm:^7.1.0"
  checksum: a190841b65ddb046bcbfb8f151e9eded6b7e6ef5ee08254875700b227fdea845cb86c7277cff21248ad16aa0f63e63d6853cf6aeac0859dd08d16e51ead87460
  languageName: node
  linkType: hard

"yaml@npm:^2.8.0":
  version: 2.8.0
  resolution: "yaml@npm:2.8.0"
  bin:
    yaml: bin.mjs
  checksum: ef9024573f212371c3f0fa3ab566fbe0b561fb0ff474902471eeffb7c1daf112695ee5f223192c9eb454d9652a28dcffb51158351e4e9dc9d3aa2a6923b7b243
  languageName: node
  linkType: hard
